
Microsoft Visual Studio Solution File, Format Version 12.00
# Visual Studio Version 16
VisualStudioVersion = 16.0.31829.152
MinimumVisualStudioVersion = 10.0.40219.1
Project("{FAE04EC0-301F-11D3-BF4B-00C04F79EFBC}") = "Lab15_Wpf", "Lab15_Wpf\Lab15_Wpf.csproj", "{477F9ABD-3C1C-466F-8435-C13CA25D8206}"
EndProject
Global
	GlobalSection(SolutionConfigurationPlatforms) = preSolution
		Debug|Any CPU = Debug|Any CPU
		Release|Any CPU = Release|Any CPU
	EndGlobalSection
	GlobalSection(ProjectConfigurationPlatforms) = postSolution
		{477F9ABD-3C1C-466F-8435-C13CA25D8206}.Debug|Any CPU.ActiveCfg = Debug|Any CPU
		{477F9ABD-3C1C-466F-8435-C13CA25D8206}.Debug|Any CPU.Build.0 = Debug|Any CPU
		{477F9ABD-3C1C-466F-8435-C13CA25D8206}.Release|Any CPU.ActiveCfg = Release|Any CPU
		{477F9ABD-3C1C-466F-8435-C13CA25D8206}.Release|Any CPU.Build.0 = Release|Any CPU
	EndGlobalSection
	GlobalSection(SolutionProperties) = preSolution
		HideSolutionNode = FALSE
	EndGlobalSection
	GlobalSection(ExtensibilityGlobals) = postSolution
		SolutionGuid = {5CD1C91F-7108-4E81-AF81-1553E591EB19}
	EndGlobalSection
EndGlobal
